
Microsoft Visual Studio Solution File, Format Version 12.00
# Visual Studio 15
VisualStudioVersion = 15.0.28307.539
MinimumVisualStudioVersion = 10.0.40219.1
Project("{FAE04EC0-301F-11D3-BF4B-00C04F79EFBC}") = "DymaDieckBackEnd", "DymaDieckBackEnd\DymaDieckBackEnd.csproj", "{5B5DC005-ECA5-42C4-A4C6-645E9F764765}"
EndProject
Project("{FAE04EC0-301F-11D3-BF4B-00C04F79EFBC}") = "DymaDieckAPI", "DymaDieckAPI\DymaDieckAPI.csproj", "{6D60914B-7F38-433B-A37B-E8A9E3577929}"
EndProject
Global
	GlobalSection(SolutionConfigurationPlatforms) = preSolution
		Debug|Any CPU = Debug|Any CPU
		Release|Any CPU = Release|Any CPU
	EndGlobalSection
	GlobalSection(ProjectConfigurationPlatforms) = postSolution
		{5B5DC005-ECA5-42C4-A4C6-645E9F764765}.Debug|Any CPU.ActiveCfg = Debug|Any CPU
		{5B5DC005-ECA5-42C4-A4C6-645E9F764765}.Debug|Any CPU.Build.0 = Debug|Any CPU
		{5B5DC005-ECA5-42C4-A4C6-645E9F764765}.Release|Any CPU.ActiveCfg = Release|Any CPU
		{5B5DC005-ECA5-42C4-A4C6-645E9F764765}.Release|Any CPU.Build.0 = Release|Any CPU
		{6D60914B-7F38-433B-A37B-E8A9E3577929}.Debug|Any CPU.ActiveCfg = Debug|Any CPU
		{6D60914B-7F38-433B-A37B-E8A9E3577929}.Debug|Any CPU.Build.0 = Debug|Any CPU
		{6D60914B-7F38-433B-A37B-E8A9E3577929}.Release|Any CPU.ActiveCfg = Release|Any CPU
		{6D60914B-7F38-433B-A37B-E8A9E3577929}.Release|Any CPU.Build.0 = Release|Any CPU
	EndGlobalSection
	GlobalSection(SolutionProperties) = preSolution
		HideSolutionNode = FALSE
	EndGlobalSection
	GlobalSection(ExtensibilityGlobals) = postSolution
		SolutionGuid = {700FFB5B-2486-42A3-997F-2858448E98CA}
	EndGlobalSection
EndGlobal
